
Microsoft Visual Studio Solution File, Format Version 12.00
# Visual Studio Version 17
VisualStudioVersion = 17.10.35122.118
MinimumVisualStudioVersion = 10.0.40219.1
Project("{2150E333-8FDC-42A3-9474-1A3956D46DE8}") = "UI", "UI", "{515FDA48-26D7-4E5C-870F-EB21EA9E176F}"
EndProject
Project("{2150E333-8FDC-42A3-9474-1A3956D46DE8}") = "API", "API", "{963FD1CF-CDA7-487E-9C7A-8A0627639863}"
EndProject
Project("{2150E333-8FDC-42A3-9474-1A3956D46DE8}") = "ENGINEAPI", "ENGINEAPI", "{2C32C455-441C-46FD-843F-46616DC1940C}"
EndProject
Project("{9A19103F-16F7-4668-BE54-9A1E7A4F7556}") = "EngineAPI", "EngineAPI\EngineAPI.csproj", "{61E0A44C-0163-4549-A1A6-CE0FBEFFF12C}"
EndProject
Project("{2150E333-8FDC-42A3-9474-1A3956D46DE8}") = "Games", "Games", "{01964CDA-439C-47F9-BE29-D771C8EF2832}"
EndProject
Project("{2150E333-8FDC-42A3-9474-1A3956D46DE8}") = "Snake", "Snake", "{6A9B2687-A04E-468E-8183-0119A397A1AC}"
	ProjectSection(SolutionItems) = preProject
		main.html = main.html
	EndProjectSection
EndProject
Global
	GlobalSection(SolutionConfigurationPlatforms) = preSolution
		Debug|Any CPU = Debug|Any CPU
		Release|Any CPU = Release|Any CPU
	EndGlobalSection
	GlobalSection(ProjectConfigurationPlatforms) = postSolution
		{61E0A44C-0163-4549-A1A6-CE0FBEFFF12C}.Debug|Any CPU.ActiveCfg = Debug|Any CPU
		{61E0A44C-0163-4549-A1A6-CE0FBEFFF12C}.Debug|Any CPU.Build.0 = Debug|Any CPU
		{61E0A44C-0163-4549-A1A6-CE0FBEFFF12C}.Release|Any CPU.ActiveCfg = Release|Any CPU
		{61E0A44C-0163-4549-A1A6-CE0FBEFFF12C}.Release|Any CPU.Build.0 = Release|Any CPU
	EndGlobalSection
	GlobalSection(SolutionProperties) = preSolution
		HideSolutionNode = FALSE
	EndGlobalSection
	GlobalSection(NestedProjects) = preSolution
		{61E0A44C-0163-4549-A1A6-CE0FBEFFF12C} = {2C32C455-441C-46FD-843F-46616DC1940C}
		{6A9B2687-A04E-468E-8183-0119A397A1AC} = {01964CDA-439C-47F9-BE29-D771C8EF2832}
	EndGlobalSection
	GlobalSection(ExtensibilityGlobals) = postSolution
		SolutionGuid = {57B6DAAB-1ECE-4F04-ACE9-4CEF054F4D4F}
	EndGlobalSection
EndGlobal
